
Microsoft Visual Studio Solution File, Format Version 12.00
# Visual Studio Version 16
VisualStudioVersion = 16.0.33801.447
MinimumVisualStudioVersion = 10.0.40219.1
Project("{FAE04EC0-301F-11D3-BF4B-00C04F79EFBC}") = "OOPCA1", "OOPCA1\OOPCA1.csproj", "{0F8CA9BB-BFF4-4F2D-9C59-09AFA0AB2533}"
EndProject
Project("{FAE04EC0-301F-11D3-BF4B-00C04F79EFBC}") = "BIZ", "BIZ\BIZ.csproj", "{700E528C-DFAE-445E-A4C9-2305413F4CDE}"
EndProject
Project("{FAE04EC0-301F-11D3-BF4B-00C04F79EFBC}") = "DAL", "DAL\DAL.csproj", "{0DAD6B11-54C8-4981-99C3-E1A20F9CD456}"
EndProject
Global
	GlobalSection(SolutionConfigurationPlatforms) = preSolution
		Debug|Any CPU = Debug|Any CPU
		Release|Any CPU = Release|Any CPU
	EndGlobalSection
	GlobalSection(ProjectConfigurationPlatforms) = postSolution
		{0F8CA9BB-BFF4-4F2D-9C59-09AFA0AB2533}.Debug|Any CPU.ActiveCfg = Debug|Any CPU
		{0F8CA9BB-BFF4-4F2D-9C59-09AFA0AB2533}.Debug|Any CPU.Build.0 = Debug|Any CPU
		{0F8CA9BB-BFF4-4F2D-9C59-09AFA0AB2533}.Release|Any CPU.ActiveCfg = Release|Any CPU
		{0F8CA9BB-BFF4-4F2D-9C59-09AFA0AB2533}.Release|Any CPU.Build.0 = Release|Any CPU
		{700E528C-DFAE-445E-A4C9-2305413F4CDE}.Debug|Any CPU.ActiveCfg = Debug|Any CPU
		{700E528C-DFAE-445E-A4C9-2305413F4CDE}.Debug|Any CPU.Build.0 = Debug|Any CPU
		{700E528C-DFAE-445E-A4C9-2305413F4CDE}.Release|Any CPU.ActiveCfg = Release|Any CPU
		{700E528C-DFAE-445E-A4C9-2305413F4CDE}.Release|Any CPU.Build.0 = Release|Any CPU
		{0DAD6B11-54C8-4981-99C3-E1A20F9CD456}.Debug|Any CPU.ActiveCfg = Debug|Any CPU
		{0DAD6B11-54C8-4981-99C3-E1A20F9CD456}.Debug|Any CPU.Build.0 = Debug|Any CPU
		{0DAD6B11-54C8-4981-99C3-E1A20F9CD456}.Release|Any CPU.ActiveCfg = Release|Any CPU
		{0DAD6B11-54C8-4981-99C3-E1A20F9CD456}.Release|Any CPU.Build.0 = Release|Any CPU
	EndGlobalSection
	GlobalSection(SolutionProperties) = preSolution
		HideSolutionNode = FALSE
	EndGlobalSection
	GlobalSection(ExtensibilityGlobals) = postSolution
		SolutionGuid = {BF5EF197-0086-4881-8FFF-A079CC29B5D4}
	EndGlobalSection
EndGlobal
