
Microsoft Visual Studio Solution File, Format Version 12.00
# Visual Studio Version 16
VisualStudioVersion = 16.0.33801.447
MinimumVisualStudioVersion = 10.0.40219.1
Project("{FAE04EC0-301F-11D3-BF4B-00C04F79EFBC}") = "RESIT WEB CA", "RESIT WEB CA\RESIT WEB CA.csproj", "{4159A564-E104-4882-B1CC-0F77B0468448}"
EndProject
Global
	GlobalSection(SolutionConfigurationPlatforms) = preSolution
		Debug|Any CPU = Debug|Any CPU
		Release|Any CPU = Release|Any CPU
	EndGlobalSection
	GlobalSection(ProjectConfigurationPlatforms) = postSolution
		{4159A564-E104-4882-B1CC-0F77B0468448}.Debug|Any CPU.ActiveCfg = Debug|Any CPU
		{4159A564-E104-4882-B1CC-0F77B0468448}.Debug|Any CPU.Build.0 = Debug|Any CPU
		{4159A564-E104-4882-B1CC-0F77B0468448}.Release|Any CPU.ActiveCfg = Release|Any CPU
		{4159A564-E104-4882-B1CC-0F77B0468448}.Release|Any CPU.Build.0 = Release|Any CPU
	EndGlobalSection
	GlobalSection(SolutionProperties) = preSolution
		HideSolutionNode = FALSE
	EndGlobalSection
	GlobalSection(ExtensibilityGlobals) = postSolution
		SolutionGuid = {EF7CCC41-8FE8-4055-A5BE-DA30DBD924D9}
	EndGlobalSection
EndGlobal
